
Microsoft Visual Studio Solution File, Format Version 12.00
# Visual Studio Version 16
VisualStudioVersion = 16.0.29709.97
MinimumVisualStudioVersion = 15.0.26124.0
Project("{FAE04EC0-301F-11D3-BF4B-00C04F79EFBC}") = "JML.Domain.Core", "JML.Domain.Core\JML.Domain.Core.csproj", "{446786F1-0EA1-4BBE-9A6E-A00F06731D0B}"
EndProject
Project("{FAE04EC0-301F-11D3-BF4B-00C04F79EFBC}") = "JML.Domain", "JML.Domain\JML.Domain.csproj", "{9CD14A9C-BDAB-4087-979C-936A500C595D}"
EndProject
Global
	GlobalSection(SolutionConfigurationPlatforms) = preSolution
		Debug|Any CPU = Debug|Any CPU
		Debug|x64 = Debug|x64
		Debug|x86 = Debug|x86
		Release|Any CPU = Release|Any CPU
		Release|x64 = Release|x64
		Release|x86 = Release|x86
	EndGlobalSection
	GlobalSection(ProjectConfigurationPlatforms) = postSolution
		{446786F1-0EA1-4BBE-9A6E-A00F06731D0B}.Debug|Any CPU.ActiveCfg = Debug|Any CPU
		{446786F1-0EA1-4BBE-9A6E-A00F06731D0B}.Debug|Any CPU.Build.0 = Debug|Any CPU
		{446786F1-0EA1-4BBE-9A6E-A00F06731D0B}.Debug|x64.ActiveCfg = Debug|Any CPU
		{446786F1-0EA1-4BBE-9A6E-A00F06731D0B}.Debug|x64.Build.0 = Debug|Any CPU
		{446786F1-0EA1-4BBE-9A6E-A00F06731D0B}.Debug|x86.ActiveCfg = Debug|Any CPU
		{446786F1-0EA1-4BBE-9A6E-A00F06731D0B}.Debug|x86.Build.0 = Debug|Any CPU
		{446786F1-0EA1-4BBE-9A6E-A00F06731D0B}.Release|Any CPU.ActiveCfg = Release|Any CPU
		{446786F1-0EA1-4BBE-9A6E-A00F06731D0B}.Release|Any CPU.Build.0 = Release|Any CPU
		{446786F1-0EA1-4BBE-9A6E-A00F06731D0B}.Release|x64.ActiveCfg = Release|Any CPU
		{446786F1-0EA1-4BBE-9A6E-A00F06731D0B}.Release|x64.Build.0 = Release|Any CPU
		{446786F1-0EA1-4BBE-9A6E-A00F06731D0B}.Release|x86.ActiveCfg = Release|Any CPU
		{446786F1-0EA1-4BBE-9A6E-A00F06731D0B}.Release|x86.Build.0 = Release|Any CPU
		{9CD14A9C-BDAB-4087-979C-936A500C595D}.Debug|Any CPU.ActiveCfg = Debug|Any CPU
		{9CD14A9C-BDAB-4087-979C-936A500C595D}.Debug|Any CPU.Build.0 = Debug|Any CPU
		{9CD14A9C-BDAB-4087-979C-936A500C595D}.Debug|x64.ActiveCfg = Debug|Any CPU
		{9CD14A9C-BDAB-4087-979C-936A500C595D}.Debug|x64.Build.0 = Debug|Any CPU
		{9CD14A9C-BDAB-4087-979C-936A500C595D}.Debug|x86.ActiveCfg = Debug|Any CPU
		{9CD14A9C-BDAB-4087-979C-936A500C595D}.Debug|x86.Build.0 = Debug|Any CPU
		{9CD14A9C-BDAB-4087-979C-936A500C595D}.Release|Any CPU.ActiveCfg = Release|Any CPU
		{9CD14A9C-BDAB-4087-979C-936A500C595D}.Release|Any CPU.Build.0 = Release|Any CPU
		{9CD14A9C-BDAB-4087-979C-936A500C595D}.Release|x64.ActiveCfg = Release|Any CPU
		{9CD14A9C-BDAB-4087-979C-936A500C595D}.Release|x64.Build.0 = Release|Any CPU
		{9CD14A9C-BDAB-4087-979C-936A500C595D}.Release|x86.ActiveCfg = Release|Any CPU
		{9CD14A9C-BDAB-4087-979C-936A500C595D}.Release|x86.Build.0 = Release|Any CPU
	EndGlobalSection
	GlobalSection(SolutionProperties) = preSolution
		HideSolutionNode = FALSE
	EndGlobalSection
	GlobalSection(ExtensibilityGlobals) = postSolution
		SolutionGuid = {F6E2D8B3-439E-4315-97B5-27D5A0D5C94F}
	EndGlobalSection
EndGlobal
