
Microsoft Visual Studio Solution File, Format Version 12.00
# Visual Studio Version 16
VisualStudioVersion = 16.0.29709.97
MinimumVisualStudioVersion = 15.0.26124.0
Project("{9A19103F-16F7-4668-BE54-9A1E7A4F7556}") = "JML.Domain.Core", "JML.Domain.Core\JML.Domain.Core.csproj", "{446786F1-0EA1-4BBE-9A6E-A00F06731D0B}"
EndProject
Project("{9A19103F-16F7-4668-BE54-9A1E7A4F7556}") = "JML.Domain", "JML.Domain\JML.Domain.csproj", "{9CD14A9C-BDAB-4087-979C-936A500C595D}"
EndProject
Project("{9A19103F-16F7-4668-BE54-9A1E7A4F7556}") = "JML.DataAccess.Core", "JML.DataAccess.Core\JML.DataAccess.Core.csproj", "{F67DA610-56D3-4236-8D79-24433CBCC9F8}"
EndProject
Project("{9A19103F-16F7-4668-BE54-9A1E7A4F7556}") = "JML.DataAccess", "JML.DataAccess\JML.DataAccess.csproj", "{F1562E96-1CCD-4255-8384-DD322F7ADB5C}"
EndProject
Project("{2150E333-8FDC-42A3-9474-1A3956D46DE8}") = "JML.Presentation", "JML.Presentation", "{5C6D88CA-D2AC-4D39-985F-A23EED38A6F9}"
EndProject
Project("{FAE04EC0-301F-11D3-BF4B-00C04F79EFBC}") = "JML.Presentation.ConsolePresentation", "JML.Presentation.ConsolePresentation\JML.Presentation.ConsolePresentation.csproj", "{EBAEA737-B60D-4543-8229-57EA650873CD}"
EndProject
Global
	GlobalSection(SolutionConfigurationPlatforms) = preSolution
		Debug|Any CPU = Debug|Any CPU
		Debug|x64 = Debug|x64
		Debug|x86 = Debug|x86
		Release|Any CPU = Release|Any CPU
		Release|x64 = Release|x64
		Release|x86 = Release|x86
	EndGlobalSection
	GlobalSection(ProjectConfigurationPlatforms) = postSolution
		{446786F1-0EA1-4BBE-9A6E-A00F06731D0B}.Debug|Any CPU.ActiveCfg = Debug|Any CPU
		{446786F1-0EA1-4BBE-9A6E-A00F06731D0B}.Debug|Any CPU.Build.0 = Debug|Any CPU
		{446786F1-0EA1-4BBE-9A6E-A00F06731D0B}.Debug|x64.ActiveCfg = Debug|Any CPU
		{446786F1-0EA1-4BBE-9A6E-A00F06731D0B}.Debug|x64.Build.0 = Debug|Any CPU
		{446786F1-0EA1-4BBE-9A6E-A00F06731D0B}.Debug|x86.ActiveCfg = Debug|Any CPU
		{446786F1-0EA1-4BBE-9A6E-A00F06731D0B}.Debug|x86.Build.0 = Debug|Any CPU
		{446786F1-0EA1-4BBE-9A6E-A00F06731D0B}.Release|Any CPU.ActiveCfg = Release|Any CPU
		{446786F1-0EA1-4BBE-9A6E-A00F06731D0B}.Release|Any CPU.Build.0 = Release|Any CPU
		{446786F1-0EA1-4BBE-9A6E-A00F06731D0B}.Release|x64.ActiveCfg = Release|Any CPU
		{446786F1-0EA1-4BBE-9A6E-A00F06731D0B}.Release|x64.Build.0 = Release|Any CPU
		{446786F1-0EA1-4BBE-9A6E-A00F06731D0B}.Release|x86.ActiveCfg = Release|Any CPU
		{446786F1-0EA1-4BBE-9A6E-A00F06731D0B}.Release|x86.Build.0 = Release|Any CPU
		{9CD14A9C-BDAB-4087-979C-936A500C595D}.Debug|Any CPU.ActiveCfg = Debug|Any CPU
		{9CD14A9C-BDAB-4087-979C-936A500C595D}.Debug|Any CPU.Build.0 = Debug|Any CPU
		{9CD14A9C-BDAB-4087-979C-936A500C595D}.Debug|x64.ActiveCfg = Debug|Any CPU
		{9CD14A9C-BDAB-4087-979C-936A500C595D}.Debug|x64.Build.0 = Debug|Any CPU
		{9CD14A9C-BDAB-4087-979C-936A500C595D}.Debug|x86.ActiveCfg = Debug|Any CPU
		{9CD14A9C-BDAB-4087-979C-936A500C595D}.Debug|x86.Build.0 = Debug|Any CPU
		{9CD14A9C-BDAB-4087-979C-936A500C595D}.Release|Any CPU.ActiveCfg = Release|Any CPU
		{9CD14A9C-BDAB-4087-979C-936A500C595D}.Release|Any CPU.Build.0 = Release|Any CPU
		{9CD14A9C-BDAB-4087-979C-936A500C595D}.Release|x64.ActiveCfg = Release|Any CPU
		{9CD14A9C-BDAB-4087-979C-936A500C595D}.Release|x64.Build.0 = Release|Any CPU
		{9CD14A9C-BDAB-4087-979C-936A500C595D}.Release|x86.ActiveCfg = Release|Any CPU
		{9CD14A9C-BDAB-4087-979C-936A500C595D}.Release|x86.Build.0 = Release|Any CPU
		{F67DA610-56D3-4236-8D79-24433CBCC9F8}.Debug|Any CPU.ActiveCfg = Debug|Any CPU
		{F67DA610-56D3-4236-8D79-24433CBCC9F8}.Debug|Any CPU.Build.0 = Debug|Any CPU
		{F67DA610-56D3-4236-8D79-24433CBCC9F8}.Debug|x64.ActiveCfg = Debug|Any CPU
		{F67DA610-56D3-4236-8D79-24433CBCC9F8}.Debug|x64.Build.0 = Debug|Any CPU
		{F67DA610-56D3-4236-8D79-24433CBCC9F8}.Debug|x86.ActiveCfg = Debug|Any CPU
		{F67DA610-56D3-4236-8D79-24433CBCC9F8}.Debug|x86.Build.0 = Debug|Any CPU
		{F67DA610-56D3-4236-8D79-24433CBCC9F8}.Release|Any CPU.ActiveCfg = Release|Any CPU
		{F67DA610-56D3-4236-8D79-24433CBCC9F8}.Release|Any CPU.Build.0 = Release|Any CPU
		{F67DA610-56D3-4236-8D79-24433CBCC9F8}.Release|x64.ActiveCfg = Release|Any CPU
		{F67DA610-56D3-4236-8D79-24433CBCC9F8}.Release|x64.Build.0 = Release|Any CPU
		{F67DA610-56D3-4236-8D79-24433CBCC9F8}.Release|x86.ActiveCfg = Release|Any CPU
		{F67DA610-56D3-4236-8D79-24433CBCC9F8}.Release|x86.Build.0 = Release|Any CPU
		{F1562E96-1CCD-4255-8384-DD322F7ADB5C}.Debug|Any CPU.ActiveCfg = Debug|Any CPU
		{F1562E96-1CCD-4255-8384-DD322F7ADB5C}.Debug|Any CPU.Build.0 = Debug|Any CPU
		{F1562E96-1CCD-4255-8384-DD322F7ADB5C}.Debug|x64.ActiveCfg = Debug|Any CPU
		{F1562E96-1CCD-4255-8384-DD322F7ADB5C}.Debug|x64.Build.0 = Debug|Any CPU
		{F1562E96-1CCD-4255-8384-DD322F7ADB5C}.Debug|x86.ActiveCfg = Debug|Any CPU
		{F1562E96-1CCD-4255-8384-DD322F7ADB5C}.Debug|x86.Build.0 = Debug|Any CPU
		{F1562E96-1CCD-4255-8384-DD322F7ADB5C}.Release|Any CPU.ActiveCfg = Release|Any CPU
		{F1562E96-1CCD-4255-8384-DD322F7ADB5C}.Release|Any CPU.Build.0 = Release|Any CPU
		{F1562E96-1CCD-4255-8384-DD322F7ADB5C}.Release|x64.ActiveCfg = Release|Any CPU
		{F1562E96-1CCD-4255-8384-DD322F7ADB5C}.Release|x64.Build.0 = Release|Any CPU
		{F1562E96-1CCD-4255-8384-DD322F7ADB5C}.Release|x86.ActiveCfg = Release|Any CPU
		{F1562E96-1CCD-4255-8384-DD322F7ADB5C}.Release|x86.Build.0 = Release|Any CPU
		{EBAEA737-B60D-4543-8229-57EA650873CD}.Debug|Any CPU.ActiveCfg = Debug|Any CPU
		{EBAEA737-B60D-4543-8229-57EA650873CD}.Debug|Any CPU.Build.0 = Debug|Any CPU
		{EBAEA737-B60D-4543-8229-57EA650873CD}.Debug|x64.ActiveCfg = Debug|Any CPU
		{EBAEA737-B60D-4543-8229-57EA650873CD}.Debug|x64.Build.0 = Debug|Any CPU
		{EBAEA737-B60D-4543-8229-57EA650873CD}.Debug|x86.ActiveCfg = Debug|Any CPU
		{EBAEA737-B60D-4543-8229-57EA650873CD}.Debug|x86.Build.0 = Debug|Any CPU
		{EBAEA737-B60D-4543-8229-57EA650873CD}.Release|Any CPU.ActiveCfg = Release|Any CPU
		{EBAEA737-B60D-4543-8229-57EA650873CD}.Release|Any CPU.Build.0 = Release|Any CPU
		{EBAEA737-B60D-4543-8229-57EA650873CD}.Release|x64.ActiveCfg = Release|Any CPU
		{EBAEA737-B60D-4543-8229-57EA650873CD}.Release|x64.Build.0 = Release|Any CPU
		{EBAEA737-B60D-4543-8229-57EA650873CD}.Release|x86.ActiveCfg = Release|Any CPU
		{EBAEA737-B60D-4543-8229-57EA650873CD}.Release|x86.Build.0 = Release|Any CPU
	EndGlobalSection
	GlobalSection(SolutionProperties) = preSolution
		HideSolutionNode = FALSE
	EndGlobalSection
	GlobalSection(NestedProjects) = preSolution
		{EBAEA737-B60D-4543-8229-57EA650873CD} = {5C6D88CA-D2AC-4D39-985F-A23EED38A6F9}
	EndGlobalSection
	GlobalSection(ExtensibilityGlobals) = postSolution
		SolutionGuid = {F6E2D8B3-439E-4315-97B5-27D5A0D5C94F}
	EndGlobalSection
EndGlobal
