
Microsoft Visual Studio Solution File, Format Version 12.00
# Visual Studio Version 16
VisualStudioVersion = 16.0.29709.97
MinimumVisualStudioVersion = 15.0.26124.0
Project("{9A19103F-16F7-4668-BE54-9A1E7A4F7556}") = "JML.Domain.Core", "JML.Domain.Core\JML.Domain.Core.csproj", "{446786F1-0EA1-4BBE-9A6E-A00F06731D0B}"
EndProject
Project("{9A19103F-16F7-4668-BE54-9A1E7A4F7556}") = "JML.Domain", "JML.Domain\JML.Domain.csproj", "{9CD14A9C-BDAB-4087-979C-936A500C595D}"
EndProject
Project("{9A19103F-16F7-4668-BE54-9A1E7A4F7556}") = "JML.DataAccess.Core", "JML.DataAccess.Core\JML.DataAccess.Core.csproj", "{F67DA610-56D3-4236-8D79-24433CBCC9F8}"
EndProject
Project("{9A19103F-16F7-4668-BE54-9A1E7A4F7556}") = "JML.DataAccess", "JML.DataAccess\JML.DataAccess.csproj", "{F1562E96-1CCD-4255-8384-DD322F7ADB5C}"
EndProject
Project("{2150E333-8FDC-42A3-9474-1A3956D46DE8}") = "JML.Presentation", "JML.Presentation", "{5C6D88CA-D2AC-4D39-985F-A23EED38A6F9}"
EndProject
Project("{9A19103F-16F7-4668-BE54-9A1E7A4F7556}") = "JML.Presentation.ConsolePresentation", "JML.Presentation.ConsolePresentation\JML.Presentation.ConsolePresentation.csproj", "{EBAEA737-B60D-4543-8229-57EA650873CD}"
EndProject
Project("{9A19103F-16F7-4668-BE54-9A1E7A4F7556}") = "JML.BusinessLogic.Core", "JML.BusinessLogic.Core\JML.BusinessLogic.Core.csproj", "{EC3D999B-CC13-472A-81CE-7EC174FA6AEF}"
EndProject
Project("{9A19103F-16F7-4668-BE54-9A1E7A4F7556}") = "JML.BusinessLogic", "JML.BusinessLogic\JML.BusinessLogic.csproj", "{3222799E-47B8-4BEB-957E-40D1AE9A5C4B}"
EndProject
Project("{9A19103F-16F7-4668-BE54-9A1E7A4F7556}") = "JML.ApiModels", "JML.ApiModels\JML.ApiModels.csproj", "{D0C31536-0DF5-41C2-8B80-47FC8FE19F8B}"
EndProject
Project("{9A19103F-16F7-4668-BE54-9A1E7A4F7556}") = "JML.Presentation.WebClient", "JML.Presentation.WebClient\JML.Presentation.WebClient.csproj", "{4B94556E-B997-4FBB-AAA0-E66046273841}"
EndProject
Project("{9A19103F-16F7-4668-BE54-9A1E7A4F7556}") = "JML.Utility", "JML.Utility\JML.Utility.csproj", "{F95DF40F-BC75-4775-A18D-C1B589938C11}"
EndProject
Project("{2150E333-8FDC-42A3-9474-1A3956D46DE8}") = "Core", "Core", "{A3169C1A-5CC4-4B5B-989A-92FDB7C67B7F}"
EndProject
Project("{FAE04EC0-301F-11D3-BF4B-00C04F79EFBC}") = "JML.Models", "JML.Models\JML.Models.csproj", "{E3DB8B23-E085-4D72-9DF1-D57D173EDD15}"
EndProject
Global
	GlobalSection(SolutionConfigurationPlatforms) = preSolution
		Debug|Any CPU = Debug|Any CPU
		Debug|x64 = Debug|x64
		Debug|x86 = Debug|x86
		Release|Any CPU = Release|Any CPU
		Release|x64 = Release|x64
		Release|x86 = Release|x86
	EndGlobalSection
	GlobalSection(ProjectConfigurationPlatforms) = postSolution
		{446786F1-0EA1-4BBE-9A6E-A00F06731D0B}.Debug|Any CPU.ActiveCfg = Debug|Any CPU
		{446786F1-0EA1-4BBE-9A6E-A00F06731D0B}.Debug|Any CPU.Build.0 = Debug|Any CPU
		{446786F1-0EA1-4BBE-9A6E-A00F06731D0B}.Debug|x64.ActiveCfg = Debug|Any CPU
		{446786F1-0EA1-4BBE-9A6E-A00F06731D0B}.Debug|x64.Build.0 = Debug|Any CPU
		{446786F1-0EA1-4BBE-9A6E-A00F06731D0B}.Debug|x86.ActiveCfg = Debug|Any CPU
		{446786F1-0EA1-4BBE-9A6E-A00F06731D0B}.Debug|x86.Build.0 = Debug|Any CPU
		{446786F1-0EA1-4BBE-9A6E-A00F06731D0B}.Release|Any CPU.ActiveCfg = Release|Any CPU
		{446786F1-0EA1-4BBE-9A6E-A00F06731D0B}.Release|Any CPU.Build.0 = Release|Any CPU
		{446786F1-0EA1-4BBE-9A6E-A00F06731D0B}.Release|x64.ActiveCfg = Release|Any CPU
		{446786F1-0EA1-4BBE-9A6E-A00F06731D0B}.Release|x64.Build.0 = Release|Any CPU
		{446786F1-0EA1-4BBE-9A6E-A00F06731D0B}.Release|x86.ActiveCfg = Release|Any CPU
		{446786F1-0EA1-4BBE-9A6E-A00F06731D0B}.Release|x86.Build.0 = Release|Any CPU
		{9CD14A9C-BDAB-4087-979C-936A500C595D}.Debug|Any CPU.ActiveCfg = Debug|Any CPU
		{9CD14A9C-BDAB-4087-979C-936A500C595D}.Debug|Any CPU.Build.0 = Debug|Any CPU
		{9CD14A9C-BDAB-4087-979C-936A500C595D}.Debug|x64.ActiveCfg = Debug|Any CPU
		{9CD14A9C-BDAB-4087-979C-936A500C595D}.Debug|x64.Build.0 = Debug|Any CPU
		{9CD14A9C-BDAB-4087-979C-936A500C595D}.Debug|x86.ActiveCfg = Debug|Any CPU
		{9CD14A9C-BDAB-4087-979C-936A500C595D}.Debug|x86.Build.0 = Debug|Any CPU
		{9CD14A9C-BDAB-4087-979C-936A500C595D}.Release|Any CPU.ActiveCfg = Release|Any CPU
		{9CD14A9C-BDAB-4087-979C-936A500C595D}.Release|Any CPU.Build.0 = Release|Any CPU
		{9CD14A9C-BDAB-4087-979C-936A500C595D}.Release|x64.ActiveCfg = Release|Any CPU
		{9CD14A9C-BDAB-4087-979C-936A500C595D}.Release|x64.Build.0 = Release|Any CPU
		{9CD14A9C-BDAB-4087-979C-936A500C595D}.Release|x86.ActiveCfg = Release|Any CPU
		{9CD14A9C-BDAB-4087-979C-936A500C595D}.Release|x86.Build.0 = Release|Any CPU
		{F67DA610-56D3-4236-8D79-24433CBCC9F8}.Debug|Any CPU.ActiveCfg = Debug|Any CPU
		{F67DA610-56D3-4236-8D79-24433CBCC9F8}.Debug|Any CPU.Build.0 = Debug|Any CPU
		{F67DA610-56D3-4236-8D79-24433CBCC9F8}.Debug|x64.ActiveCfg = Debug|Any CPU
		{F67DA610-56D3-4236-8D79-24433CBCC9F8}.Debug|x64.Build.0 = Debug|Any CPU
		{F67DA610-56D3-4236-8D79-24433CBCC9F8}.Debug|x86.ActiveCfg = Debug|Any CPU
		{F67DA610-56D3-4236-8D79-24433CBCC9F8}.Debug|x86.Build.0 = Debug|Any CPU
		{F67DA610-56D3-4236-8D79-24433CBCC9F8}.Release|Any CPU.ActiveCfg = Release|Any CPU
		{F67DA610-56D3-4236-8D79-24433CBCC9F8}.Release|Any CPU.Build.0 = Release|Any CPU
		{F67DA610-56D3-4236-8D79-24433CBCC9F8}.Release|x64.ActiveCfg = Release|Any CPU
		{F67DA610-56D3-4236-8D79-24433CBCC9F8}.Release|x64.Build.0 = Release|Any CPU
		{F67DA610-56D3-4236-8D79-24433CBCC9F8}.Release|x86.ActiveCfg = Release|Any CPU
		{F67DA610-56D3-4236-8D79-24433CBCC9F8}.Release|x86.Build.0 = Release|Any CPU
		{F1562E96-1CCD-4255-8384-DD322F7ADB5C}.Debug|Any CPU.ActiveCfg = Debug|Any CPU
		{F1562E96-1CCD-4255-8384-DD322F7ADB5C}.Debug|Any CPU.Build.0 = Debug|Any CPU
		{F1562E96-1CCD-4255-8384-DD322F7ADB5C}.Debug|x64.ActiveCfg = Debug|Any CPU
		{F1562E96-1CCD-4255-8384-DD322F7ADB5C}.Debug|x64.Build.0 = Debug|Any CPU
		{F1562E96-1CCD-4255-8384-DD322F7ADB5C}.Debug|x86.ActiveCfg = Debug|Any CPU
		{F1562E96-1CCD-4255-8384-DD322F7ADB5C}.Debug|x86.Build.0 = Debug|Any CPU
		{F1562E96-1CCD-4255-8384-DD322F7ADB5C}.Release|Any CPU.ActiveCfg = Release|Any CPU
		{F1562E96-1CCD-4255-8384-DD322F7ADB5C}.Release|Any CPU.Build.0 = Release|Any CPU
		{F1562E96-1CCD-4255-8384-DD322F7ADB5C}.Release|x64.ActiveCfg = Release|Any CPU
		{F1562E96-1CCD-4255-8384-DD322F7ADB5C}.Release|x64.Build.0 = Release|Any CPU
		{F1562E96-1CCD-4255-8384-DD322F7ADB5C}.Release|x86.ActiveCfg = Release|Any CPU
		{F1562E96-1CCD-4255-8384-DD322F7ADB5C}.Release|x86.Build.0 = Release|Any CPU
		{EBAEA737-B60D-4543-8229-57EA650873CD}.Debug|Any CPU.ActiveCfg = Debug|Any CPU
		{EBAEA737-B60D-4543-8229-57EA650873CD}.Debug|Any CPU.Build.0 = Debug|Any CPU
		{EBAEA737-B60D-4543-8229-57EA650873CD}.Debug|x64.ActiveCfg = Debug|Any CPU
		{EBAEA737-B60D-4543-8229-57EA650873CD}.Debug|x64.Build.0 = Debug|Any CPU
		{EBAEA737-B60D-4543-8229-57EA650873CD}.Debug|x86.ActiveCfg = Debug|Any CPU
		{EBAEA737-B60D-4543-8229-57EA650873CD}.Debug|x86.Build.0 = Debug|Any CPU
		{EBAEA737-B60D-4543-8229-57EA650873CD}.Release|Any CPU.ActiveCfg = Release|Any CPU
		{EBAEA737-B60D-4543-8229-57EA650873CD}.Release|Any CPU.Build.0 = Release|Any CPU
		{EBAEA737-B60D-4543-8229-57EA650873CD}.Release|x64.ActiveCfg = Release|Any CPU
		{EBAEA737-B60D-4543-8229-57EA650873CD}.Release|x64.Build.0 = Release|Any CPU
		{EBAEA737-B60D-4543-8229-57EA650873CD}.Release|x86.ActiveCfg = Release|Any CPU
		{EBAEA737-B60D-4543-8229-57EA650873CD}.Release|x86.Build.0 = Release|Any CPU
		{EC3D999B-CC13-472A-81CE-7EC174FA6AEF}.Debug|Any CPU.ActiveCfg = Debug|Any CPU
		{EC3D999B-CC13-472A-81CE-7EC174FA6AEF}.Debug|Any CPU.Build.0 = Debug|Any CPU
		{EC3D999B-CC13-472A-81CE-7EC174FA6AEF}.Debug|x64.ActiveCfg = Debug|Any CPU
		{EC3D999B-CC13-472A-81CE-7EC174FA6AEF}.Debug|x64.Build.0 = Debug|Any CPU
		{EC3D999B-CC13-472A-81CE-7EC174FA6AEF}.Debug|x86.ActiveCfg = Debug|Any CPU
		{EC3D999B-CC13-472A-81CE-7EC174FA6AEF}.Debug|x86.Build.0 = Debug|Any CPU
		{EC3D999B-CC13-472A-81CE-7EC174FA6AEF}.Release|Any CPU.ActiveCfg = Release|Any CPU
		{EC3D999B-CC13-472A-81CE-7EC174FA6AEF}.Release|Any CPU.Build.0 = Release|Any CPU
		{EC3D999B-CC13-472A-81CE-7EC174FA6AEF}.Release|x64.ActiveCfg = Release|Any CPU
		{EC3D999B-CC13-472A-81CE-7EC174FA6AEF}.Release|x64.Build.0 = Release|Any CPU
		{EC3D999B-CC13-472A-81CE-7EC174FA6AEF}.Release|x86.ActiveCfg = Release|Any CPU
		{EC3D999B-CC13-472A-81CE-7EC174FA6AEF}.Release|x86.Build.0 = Release|Any CPU
		{3222799E-47B8-4BEB-957E-40D1AE9A5C4B}.Debug|Any CPU.ActiveCfg = Debug|Any CPU
		{3222799E-47B8-4BEB-957E-40D1AE9A5C4B}.Debug|Any CPU.Build.0 = Debug|Any CPU
		{3222799E-47B8-4BEB-957E-40D1AE9A5C4B}.Debug|x64.ActiveCfg = Debug|Any CPU
		{3222799E-47B8-4BEB-957E-40D1AE9A5C4B}.Debug|x64.Build.0 = Debug|Any CPU
		{3222799E-47B8-4BEB-957E-40D1AE9A5C4B}.Debug|x86.ActiveCfg = Debug|Any CPU
		{3222799E-47B8-4BEB-957E-40D1AE9A5C4B}.Debug|x86.Build.0 = Debug|Any CPU
		{3222799E-47B8-4BEB-957E-40D1AE9A5C4B}.Release|Any CPU.ActiveCfg = Release|Any CPU
		{3222799E-47B8-4BEB-957E-40D1AE9A5C4B}.Release|Any CPU.Build.0 = Release|Any CPU
		{3222799E-47B8-4BEB-957E-40D1AE9A5C4B}.Release|x64.ActiveCfg = Release|Any CPU
		{3222799E-47B8-4BEB-957E-40D1AE9A5C4B}.Release|x64.Build.0 = Release|Any CPU
		{3222799E-47B8-4BEB-957E-40D1AE9A5C4B}.Release|x86.ActiveCfg = Release|Any CPU
		{3222799E-47B8-4BEB-957E-40D1AE9A5C4B}.Release|x86.Build.0 = Release|Any CPU
		{D0C31536-0DF5-41C2-8B80-47FC8FE19F8B}.Debug|Any CPU.ActiveCfg = Debug|Any CPU
		{D0C31536-0DF5-41C2-8B80-47FC8FE19F8B}.Debug|Any CPU.Build.0 = Debug|Any CPU
		{D0C31536-0DF5-41C2-8B80-47FC8FE19F8B}.Debug|x64.ActiveCfg = Debug|Any CPU
		{D0C31536-0DF5-41C2-8B80-47FC8FE19F8B}.Debug|x64.Build.0 = Debug|Any CPU
		{D0C31536-0DF5-41C2-8B80-47FC8FE19F8B}.Debug|x86.ActiveCfg = Debug|Any CPU
		{D0C31536-0DF5-41C2-8B80-47FC8FE19F8B}.Debug|x86.Build.0 = Debug|Any CPU
		{D0C31536-0DF5-41C2-8B80-47FC8FE19F8B}.Release|Any CPU.ActiveCfg = Release|Any CPU
		{D0C31536-0DF5-41C2-8B80-47FC8FE19F8B}.Release|Any CPU.Build.0 = Release|Any CPU
		{D0C31536-0DF5-41C2-8B80-47FC8FE19F8B}.Release|x64.ActiveCfg = Release|Any CPU
		{D0C31536-0DF5-41C2-8B80-47FC8FE19F8B}.Release|x64.Build.0 = Release|Any CPU
		{D0C31536-0DF5-41C2-8B80-47FC8FE19F8B}.Release|x86.ActiveCfg = Release|Any CPU
		{D0C31536-0DF5-41C2-8B80-47FC8FE19F8B}.Release|x86.Build.0 = Release|Any CPU
		{4B94556E-B997-4FBB-AAA0-E66046273841}.Debug|Any CPU.ActiveCfg = Debug|Any CPU
		{4B94556E-B997-4FBB-AAA0-E66046273841}.Debug|Any CPU.Build.0 = Debug|Any CPU
		{4B94556E-B997-4FBB-AAA0-E66046273841}.Debug|x64.ActiveCfg = Debug|Any CPU
		{4B94556E-B997-4FBB-AAA0-E66046273841}.Debug|x64.Build.0 = Debug|Any CPU
		{4B94556E-B997-4FBB-AAA0-E66046273841}.Debug|x86.ActiveCfg = Debug|Any CPU
		{4B94556E-B997-4FBB-AAA0-E66046273841}.Debug|x86.Build.0 = Debug|Any CPU
		{4B94556E-B997-4FBB-AAA0-E66046273841}.Release|Any CPU.ActiveCfg = Release|Any CPU
		{4B94556E-B997-4FBB-AAA0-E66046273841}.Release|Any CPU.Build.0 = Release|Any CPU
		{4B94556E-B997-4FBB-AAA0-E66046273841}.Release|x64.ActiveCfg = Release|Any CPU
		{4B94556E-B997-4FBB-AAA0-E66046273841}.Release|x64.Build.0 = Release|Any CPU
		{4B94556E-B997-4FBB-AAA0-E66046273841}.Release|x86.ActiveCfg = Release|Any CPU
		{4B94556E-B997-4FBB-AAA0-E66046273841}.Release|x86.Build.0 = Release|Any CPU
		{F95DF40F-BC75-4775-A18D-C1B589938C11}.Debug|Any CPU.ActiveCfg = Debug|Any CPU
		{F95DF40F-BC75-4775-A18D-C1B589938C11}.Debug|Any CPU.Build.0 = Debug|Any CPU
		{F95DF40F-BC75-4775-A18D-C1B589938C11}.Debug|x64.ActiveCfg = Debug|Any CPU
		{F95DF40F-BC75-4775-A18D-C1B589938C11}.Debug|x64.Build.0 = Debug|Any CPU
		{F95DF40F-BC75-4775-A18D-C1B589938C11}.Debug|x86.ActiveCfg = Debug|Any CPU
		{F95DF40F-BC75-4775-A18D-C1B589938C11}.Debug|x86.Build.0 = Debug|Any CPU
		{F95DF40F-BC75-4775-A18D-C1B589938C11}.Release|Any CPU.ActiveCfg = Release|Any CPU
		{F95DF40F-BC75-4775-A18D-C1B589938C11}.Release|Any CPU.Build.0 = Release|Any CPU
		{F95DF40F-BC75-4775-A18D-C1B589938C11}.Release|x64.ActiveCfg = Release|Any CPU
		{F95DF40F-BC75-4775-A18D-C1B589938C11}.Release|x64.Build.0 = Release|Any CPU
		{F95DF40F-BC75-4775-A18D-C1B589938C11}.Release|x86.ActiveCfg = Release|Any CPU
		{F95DF40F-BC75-4775-A18D-C1B589938C11}.Release|x86.Build.0 = Release|Any CPU
		{E3DB8B23-E085-4D72-9DF1-D57D173EDD15}.Debug|Any CPU.ActiveCfg = Debug|Any CPU
		{E3DB8B23-E085-4D72-9DF1-D57D173EDD15}.Debug|Any CPU.Build.0 = Debug|Any CPU
		{E3DB8B23-E085-4D72-9DF1-D57D173EDD15}.Debug|x64.ActiveCfg = Debug|Any CPU
		{E3DB8B23-E085-4D72-9DF1-D57D173EDD15}.Debug|x64.Build.0 = Debug|Any CPU
		{E3DB8B23-E085-4D72-9DF1-D57D173EDD15}.Debug|x86.ActiveCfg = Debug|Any CPU
		{E3DB8B23-E085-4D72-9DF1-D57D173EDD15}.Debug|x86.Build.0 = Debug|Any CPU
		{E3DB8B23-E085-4D72-9DF1-D57D173EDD15}.Release|Any CPU.ActiveCfg = Release|Any CPU
		{E3DB8B23-E085-4D72-9DF1-D57D173EDD15}.Release|Any CPU.Build.0 = Release|Any CPU
		{E3DB8B23-E085-4D72-9DF1-D57D173EDD15}.Release|x64.ActiveCfg = Release|Any CPU
		{E3DB8B23-E085-4D72-9DF1-D57D173EDD15}.Release|x64.Build.0 = Release|Any CPU
		{E3DB8B23-E085-4D72-9DF1-D57D173EDD15}.Release|x86.ActiveCfg = Release|Any CPU
		{E3DB8B23-E085-4D72-9DF1-D57D173EDD15}.Release|x86.Build.0 = Release|Any CPU
	EndGlobalSection
	GlobalSection(SolutionProperties) = preSolution
		HideSolutionNode = FALSE
	EndGlobalSection
	GlobalSection(NestedProjects) = preSolution
		{446786F1-0EA1-4BBE-9A6E-A00F06731D0B} = {A3169C1A-5CC4-4B5B-989A-92FDB7C67B7F}
		{F67DA610-56D3-4236-8D79-24433CBCC9F8} = {A3169C1A-5CC4-4B5B-989A-92FDB7C67B7F}
		{EBAEA737-B60D-4543-8229-57EA650873CD} = {5C6D88CA-D2AC-4D39-985F-A23EED38A6F9}
		{EC3D999B-CC13-472A-81CE-7EC174FA6AEF} = {A3169C1A-5CC4-4B5B-989A-92FDB7C67B7F}
		{4B94556E-B997-4FBB-AAA0-E66046273841} = {5C6D88CA-D2AC-4D39-985F-A23EED38A6F9}
		{E3DB8B23-E085-4D72-9DF1-D57D173EDD15} = {A3169C1A-5CC4-4B5B-989A-92FDB7C67B7F}
	EndGlobalSection
	GlobalSection(ExtensibilityGlobals) = postSolution
		SolutionGuid = {F6E2D8B3-439E-4315-97B5-27D5A0D5C94F}
	EndGlobalSection
EndGlobal
